
Microsoft Visual Studio Solution File, Format Version 12.00
# Visual Studio Version 16
VisualStudioVersion = 16.0.29728.190
MinimumVisualStudioVersion = 10.0.40219.1
Project("{FAE04EC0-301F-11D3-BF4B-00C04F79EFBC}") = "u16073861_INF354_HW1", "u16073861_INF354_HW1\u16073861_INF354_HW1.csproj", "{38EDE52C-7EB9-4C94-A7E4-477444E53A96}"
EndProject
Global
	GlobalSection(SolutionConfigurationPlatforms) = preSolution
		Debug|Any CPU = Debug|Any CPU
		Release|Any CPU = Release|Any CPU
	EndGlobalSection
	GlobalSection(ProjectConfigurationPlatforms) = postSolution
		{38EDE52C-7EB9-4C94-A7E4-477444E53A96}.Debug|Any CPU.ActiveCfg = Debug|Any CPU
		{38EDE52C-7EB9-4C94-A7E4-477444E53A96}.Debug|Any CPU.Build.0 = Debug|Any CPU
		{38EDE52C-7EB9-4C94-A7E4-477444E53A96}.Release|Any CPU.ActiveCfg = Release|Any CPU
		{38EDE52C-7EB9-4C94-A7E4-477444E53A96}.Release|Any CPU.Build.0 = Release|Any CPU
	EndGlobalSection
	GlobalSection(SolutionProperties) = preSolution
		HideSolutionNode = FALSE
	EndGlobalSection
	GlobalSection(ExtensibilityGlobals) = postSolution
		SolutionGuid = {E20B0780-C1BC-4FBA-ACB3-6F012EEC783D}
	EndGlobalSection
EndGlobal
